
Microsoft Visual Studio Solution File, Format Version 12.00
Project("{FAE04EC0-301F-11D3-BF4B-00C04F79EFBC}") = "CSharpCourses3", "CSharpCourses3\CSharpCourses3.csproj", "{7E70EDF9-2509-441F-8604-D9B529BE99BA}"
EndProject
Global
	GlobalSection(SolutionConfigurationPlatforms) = preSolution
		Debug|Any CPU = Debug|Any CPU
		Release|Any CPU = Release|Any CPU
	EndGlobalSection
	GlobalSection(ProjectConfigurationPlatforms) = postSolution
		{7E70EDF9-2509-441F-8604-D9B529BE99BA}.Debug|Any CPU.ActiveCfg = Debug|Any CPU
		{7E70EDF9-2509-441F-8604-D9B529BE99BA}.Debug|Any CPU.Build.0 = Debug|Any CPU
		{7E70EDF9-2509-441F-8604-D9B529BE99BA}.Release|Any CPU.ActiveCfg = Release|Any CPU
		{7E70EDF9-2509-441F-8604-D9B529BE99BA}.Release|Any CPU.Build.0 = Release|Any CPU
	EndGlobalSection
EndGlobal
